
Microsoft Visual Studio Solution File, Format Version 12.00
# Visual Studio 15
Project("{FAE04EC0-301F-11D3-BF4B-00C04F79EFBC}") = "Unity.Timeline", "Unity.Timeline.csproj", "{A1935BC7-CE34-BA7A-1CC0-EB48A2523596}"
EndProject
Project("{FAE04EC0-301F-11D3-BF4B-00C04F79EFBC}") = "Unity.Timeline.Editor", "Unity.Timeline.Editor.csproj", "{0A291B1E-1C84-2656-5C36-802875128677}"
EndProject
Project("{FAE04EC0-301F-11D3-BF4B-00C04F79EFBC}") = "Unity.TextMeshPro.Editor", "Unity.TextMeshPro.Editor.csproj", "{CDC52601-A115-3EF0-2102-980A8BA47C26}"
EndProject
Project("{FAE04EC0-301F-11D3-BF4B-00C04F79EFBC}") = "Unity.2D.Aseprite.Editor", "Unity.2D.Aseprite.Editor.csproj", "{E20F5FF8-F9A6-5781-463C-8AD84D30070F}"
EndProject
Project("{FAE04EC0-301F-11D3-BF4B-00C04F79EFBC}") = "Unity.VisualScripting.Flow", "Unity.VisualScripting.Flow.csproj", "{90167181-F81B-EABB-FF7F-9DC9A70BFF10}"
EndProject
Project("{FAE04EC0-301F-11D3-BF4B-00C04F79EFBC}") = "Unity.PlasticSCM.Editor", "Unity.PlasticSCM.Editor.csproj", "{EB49C9ED-A805-B70B-2A8B-A915AD883BE1}"
EndProject
Project("{FAE04EC0-301F-11D3-BF4B-00C04F79EFBC}") = "Unity.2D.Psdimporter.Editor", "Unity.2D.Psdimporter.Editor.csproj", "{794B52A8-7255-06CD-9A13-44EC9731D583}"
EndProject
Project("{FAE04EC0-301F-11D3-BF4B-00C04F79EFBC}") = "Unity.VisualScripting.Core", "Unity.VisualScripting.Core.csproj", "{571EACEE-D2E5-B892-5B53-9EC06902DB4D}"
EndProject
Project("{FAE04EC0-301F-11D3-BF4B-00C04F79EFBC}") = "Unity.Mathematics", "Unity.Mathematics.csproj", "{395D501C-E09F-7F25-20BB-BCE3D7BF6CBE}"
EndProject
Project("{FAE04EC0-301F-11D3-BF4B-00C04F79EFBC}") = "Unity.2D.Animation.Editor", "Unity.2D.Animation.Editor.csproj", "{36884CF8-0E7E-E923-1EA9-FB635B5B75D7}"
EndProject
Project("{FAE04EC0-301F-11D3-BF4B-00C04F79EFBC}") = "Unity.2D.Common.Path.Editor", "Unity.2D.Common.Path.Editor.csproj", "{CAF7FDE6-6016-4E15-9112-5497261A0647}"
EndProject
Project("{FAE04EC0-301F-11D3-BF4B-00C04F79EFBC}") = "Unity.VisualScripting.Core.Editor", "Unity.VisualScripting.Core.Editor.csproj", "{993AA456-2462-40B6-9D5F-A4ECCDE9A5ED}"
EndProject
Project("{FAE04EC0-301F-11D3-BF4B-00C04F79EFBC}") = "Unity.2D.IK.Runtime", "Unity.2D.IK.Runtime.csproj", "{79E04DBB-B4C4-A777-E982-7ACDC95F1FDA}"
EndProject
Project("{FAE04EC0-301F-11D3-BF4B-00C04F79EFBC}") = "Unity.VisualScripting.Flow.Editor", "Unity.VisualScripting.Flow.Editor.csproj", "{492805ED-91AC-DAD5-2094-94E8371DF3CE}"
EndProject
Project("{FAE04EC0-301F-11D3-BF4B-00C04F79EFBC}") = "UnityEditor.TestRunner", "UnityEditor.TestRunner.csproj", "{9D89E865-4E05-4968-76EB-15EC705719AB}"
EndProject
Project("{FAE04EC0-301F-11D3-BF4B-00C04F79EFBC}") = "Unity.VisualScripting.SettingsProvider.Editor", "Unity.VisualScripting.SettingsProvider.Editor.csproj", "{E0B3D125-B153-B0BD-DE96-F741628BADA9}"
EndProject
Project("{FAE04EC0-301F-11D3-BF4B-00C04F79EFBC}") = "UnityEngine.TestRunner", "UnityEngine.TestRunner.csproj", "{10D0EADD-02D1-B3B1-3A6B-7E59C06A2773}"
EndProject
Project("{FAE04EC0-301F-11D3-BF4B-00C04F79EFBC}") = "PsdPlugin", "PsdPlugin.csproj", "{0784BAE2-70A5-61D4-044B-33F146088101}"
EndProject
Project("{FAE04EC0-301F-11D3-BF4B-00C04F79EFBC}") = "Unity.Burst", "Unity.Burst.csproj", "{372D809A-1CBA-373E-4C09-94B341353710}"
EndProject
Project("{FAE04EC0-301F-11D3-BF4B-00C04F79EFBC}") = "Unity.2D.SpriteShape.Editor", "Unity.2D.SpriteShape.Editor.csproj", "{3FCB1EF8-3CD4-0BD3-E238-FEAFF9F03C51}"
EndProject
Project("{FAE04EC0-301F-11D3-BF4B-00C04F79EFBC}") = "Unity.Collections", "Unity.Collections.csproj", "{774B1FD5-591B-56A4-9EE2-345DEA077104}"
EndProject
Project("{FAE04EC0-301F-11D3-BF4B-00C04F79EFBC}") = "Unity.VisualStudio.Editor", "Unity.VisualStudio.Editor.csproj", "{FDDF6A4A-E12A-BECE-A4C2-0394F3C2C3ED}"
EndProject
Project("{FAE04EC0-301F-11D3-BF4B-00C04F79EFBC}") = "Assembly-CSharp", "Assembly-CSharp.csproj", "{7D805803-F79E-0DAD-DF78-6FA53A201586}"
EndProject
Project("{FAE04EC0-301F-11D3-BF4B-00C04F79EFBC}") = "Unity.2D.Tilemap.Extras.Editor", "Unity.2D.Tilemap.Extras.Editor.csproj", "{B40A6802-4F17-5D0D-47DB-E14142F8EEEF}"
EndProject
Project("{FAE04EC0-301F-11D3-BF4B-00C04F79EFBC}") = "Unity.Rider.Editor", "Unity.Rider.Editor.csproj", "{EB04AFC0-7F11-00AE-A02E-1F8A0EB93DFF}"
EndProject
Project("{FAE04EC0-301F-11D3-BF4B-00C04F79EFBC}") = "Unity.InternalAPIEditorBridge.001", "Unity.InternalAPIEditorBridge.001.csproj", "{B9A78044-1010-736B-450C-5449CB0025E1}"
EndProject
Project("{FAE04EC0-301F-11D3-BF4B-00C04F79EFBC}") = "Unity.2D.SpriteShape.Runtime", "Unity.2D.SpriteShape.Runtime.csproj", "{7B48F107-2E83-6256-F631-666D251BCB72}"
EndProject
Project("{FAE04EC0-301F-11D3-BF4B-00C04F79EFBC}") = "Unity.VisualScripting.State.Editor", "Unity.VisualScripting.State.Editor.csproj", "{53EFFFBD-A15D-8278-2A92-E220320BB15B}"
EndProject
Project("{FAE04EC0-301F-11D3-BF4B-00C04F79EFBC}") = "Unity.2D.Animation.Runtime", "Unity.2D.Animation.Runtime.csproj", "{A3740095-D97C-C8FD-2D2B-D13B1AFDC119}"
EndProject
Project("{FAE04EC0-301F-11D3-BF4B-00C04F79EFBC}") = "Unity.Burst.CodeGen", "Unity.Burst.CodeGen.csproj", "{C812441C-E234-3E3D-C668-2D7356D593A1}"
EndProject
Project("{FAE04EC0-301F-11D3-BF4B-00C04F79EFBC}") = "Unity.2D.Tilemap.Extras", "Unity.2D.Tilemap.Extras.csproj", "{DE44E918-C505-A427-85C8-A1034F0B1B98}"
EndProject
Project("{FAE04EC0-301F-11D3-BF4B-00C04F79EFBC}") = "Unity.VisualScripting.State", "Unity.VisualScripting.State.csproj", "{C0568425-38DE-94E9-C5E8-0E46AC82EF53}"
EndProject
Project("{FAE04EC0-301F-11D3-BF4B-00C04F79EFBC}") = "Unity.TextMeshPro", "Unity.TextMeshPro.csproj", "{8F150DCA-9257-D9D2-6AD7-D3AA6DAFCE54}"
EndProject
Project("{FAE04EC0-301F-11D3-BF4B-00C04F79EFBC}") = "Unity.2D.Aseprite.Common", "Unity.2D.Aseprite.Common.csproj", "{0AAAA6A8-B533-2F7E-0304-773406642A4A}"
EndProject
Project("{FAE04EC0-301F-11D3-BF4B-00C04F79EFBC}") = "Unity.2D.IK.Editor", "Unity.2D.IK.Editor.csproj", "{A5D259B7-C0F4-9D42-1A7D-C387E1FF720C}"
EndProject
Project("{FAE04EC0-301F-11D3-BF4B-00C04F79EFBC}") = "Unity.InternalAPIEngineBridge.001", "Unity.InternalAPIEngineBridge.001.csproj", "{518F211C-7EA8-F387-822E-0E0CD246A487}"
EndProject
Project("{FAE04EC0-301F-11D3-BF4B-00C04F79EFBC}") = "Unity.Burst.Editor", "Unity.Burst.Editor.csproj", "{8D1F51E5-0EC5-EAE8-B8B3-C83003051D95}"
EndProject
Project("{FAE04EC0-301F-11D3-BF4B-00C04F79EFBC}") = "Unity.2D.Common.Editor", "Unity.2D.Common.Editor.csproj", "{39C17041-2FE1-3E6B-2C89-9A236062EDE9}"
EndProject
Project("{FAE04EC0-301F-11D3-BF4B-00C04F79EFBC}") = "Unity.2D.PixelPerfect", "Unity.2D.PixelPerfect.csproj", "{994F5ECF-C2F2-BE90-B098-3214FB30F283}"
EndProject
Project("{FAE04EC0-301F-11D3-BF4B-00C04F79EFBC}") = "Unity.2D.PixelPerfect.Editor", "Unity.2D.PixelPerfect.Editor.csproj", "{D4EFFE14-1175-68AB-56E7-902928ACB711}"
EndProject
Project("{FAE04EC0-301F-11D3-BF4B-00C04F79EFBC}") = "Unity.2D.Common.Runtime", "Unity.2D.Common.Runtime.csproj", "{5FBBB8C0-1FF9-897C-7E21-77136CBAEA48}"
EndProject
Project("{FAE04EC0-301F-11D3-BF4B-00C04F79EFBC}") = "Unity.Mathematics.Editor", "Unity.Mathematics.Editor.csproj", "{64992314-3383-7D67-3AB3-FC1D6DC28B31}"
EndProject
Project("{FAE04EC0-301F-11D3-BF4B-00C04F79EFBC}") = "Unity.Collections.BurstCompatibilityGen", "Unity.Collections.BurstCompatibilityGen.csproj", "{E346CE9A-C9CF-9427-1F1D-12C66F725E14}"
EndProject
Project("{FAE04EC0-301F-11D3-BF4B-00C04F79EFBC}") = "Unity.InternalAPIEditorBridge.005", "Unity.InternalAPIEditorBridge.005.csproj", "{676B906E-FF7C-5C80-ED8A-C54E1020440F}"
EndProject
Project("{FAE04EC0-301F-11D3-BF4B-00C04F79EFBC}") = "Unity.VisualScripting.Shared.Editor", "Unity.VisualScripting.Shared.Editor.csproj", "{77B96B74-C28F-AEB5-8BA2-2A7D2AD67528}"
EndProject
Project("{FAE04EC0-301F-11D3-BF4B-00C04F79EFBC}") = "Unity.Collections.DocCodeSamples", "Unity.Collections.DocCodeSamples.csproj", "{6EDE3FC2-6EF7-2065-6E72-49B141DE44D9}"
EndProject
Project("{FAE04EC0-301F-11D3-BF4B-00C04F79EFBC}") = "Unity.CollabProxy.Editor", "Unity.CollabProxy.Editor.csproj", "{340BC077-5929-3758-26FD-DC5A397C7701}"
EndProject
Global
	GlobalSection(SolutionConfigurationPlatforms) = preSolution
		Debug|Any CPU = Debug|Any CPU
		Release|Any CPU = Release|Any CPU
	EndGlobalSection
	GlobalSection(ProjectConfigurationPlatforms) = postSolution
		{A1935BC7-CE34-BA7A-1CC0-EB48A2523596}.Debug|Any CPU.ActiveCfg = Debug|Any CPU
		{A1935BC7-CE34-BA7A-1CC0-EB48A2523596}.Debug|Any CPU.Build.0 = Debug|Any CPU
		{A1935BC7-CE34-BA7A-1CC0-EB48A2523596}.Release|Any CPU.ActiveCfg = Release|Any CPU
		{A1935BC7-CE34-BA7A-1CC0-EB48A2523596}.Release|Any CPU.Build.0 = Release|Any CPU
		{0A291B1E-1C84-2656-5C36-802875128677}.Debug|Any CPU.ActiveCfg = Debug|Any CPU
		{0A291B1E-1C84-2656-5C36-802875128677}.Debug|Any CPU.Build.0 = Debug|Any CPU
		{0A291B1E-1C84-2656-5C36-802875128677}.Release|Any CPU.ActiveCfg = Release|Any CPU
		{0A291B1E-1C84-2656-5C36-802875128677}.Release|Any CPU.Build.0 = Release|Any CPU
		{CDC52601-A115-3EF0-2102-980A8BA47C26}.Debug|Any CPU.ActiveCfg = Debug|Any CPU
		{CDC52601-A115-3EF0-2102-980A8BA47C26}.Debug|Any CPU.Build.0 = Debug|Any CPU
		{CDC52601-A115-3EF0-2102-980A8BA47C26}.Release|Any CPU.ActiveCfg = Release|Any CPU
		{CDC52601-A115-3EF0-2102-980A8BA47C26}.Release|Any CPU.Build.0 = Release|Any CPU
		{E20F5FF8-F9A6-5781-463C-8AD84D30070F}.Debug|Any CPU.ActiveCfg = Debug|Any CPU
		{E20F5FF8-F9A6-5781-463C-8AD84D30070F}.Debug|Any CPU.Build.0 = Debug|Any CPU
		{E20F5FF8-F9A6-5781-463C-8AD84D30070F}.Release|Any CPU.ActiveCfg = Release|Any CPU
		{E20F5FF8-F9A6-5781-463C-8AD84D30070F}.Release|Any CPU.Build.0 = Release|Any CPU
		{90167181-F81B-EABB-FF7F-9DC9A70BFF10}.Debug|Any CPU.ActiveCfg = Debug|Any CPU
		{90167181-F81B-EABB-FF7F-9DC9A70BFF10}.Debug|Any CPU.Build.0 = Debug|Any CPU
		{90167181-F81B-EABB-FF7F-9DC9A70BFF10}.Release|Any CPU.ActiveCfg = Release|Any CPU
		{90167181-F81B-EABB-FF7F-9DC9A70BFF10}.Release|Any CPU.Build.0 = Release|Any CPU
		{EB49C9ED-A805-B70B-2A8B-A915AD883BE1}.Debug|Any CPU.ActiveCfg = Debug|Any CPU
		{EB49C9ED-A805-B70B-2A8B-A915AD883BE1}.Debug|Any CPU.Build.0 = Debug|Any CPU
		{EB49C9ED-A805-B70B-2A8B-A915AD883BE1}.Release|Any CPU.ActiveCfg = Release|Any CPU
		{EB49C9ED-A805-B70B-2A8B-A915AD883BE1}.Release|Any CPU.Build.0 = Release|Any CPU
		{794B52A8-7255-06CD-9A13-44EC9731D583}.Debug|Any CPU.ActiveCfg = Debug|Any CPU
		{794B52A8-7255-06CD-9A13-44EC9731D583}.Debug|Any CPU.Build.0 = Debug|Any CPU
		{794B52A8-7255-06CD-9A13-44EC9731D583}.Release|Any CPU.ActiveCfg = Release|Any CPU
		{794B52A8-7255-06CD-9A13-44EC9731D583}.Release|Any CPU.Build.0 = Release|Any CPU
		{571EACEE-D2E5-B892-5B53-9EC06902DB4D}.Debug|Any CPU.ActiveCfg = Debug|Any CPU
		{571EACEE-D2E5-B892-5B53-9EC06902DB4D}.Debug|Any CPU.Build.0 = Debug|Any CPU
		{571EACEE-D2E5-B892-5B53-9EC06902DB4D}.Release|Any CPU.ActiveCfg = Release|Any CPU
		{571EACEE-D2E5-B892-5B53-9EC06902DB4D}.Release|Any CPU.Build.0 = Release|Any CPU
		{395D501C-E09F-7F25-20BB-BCE3D7BF6CBE}.Debug|Any CPU.ActiveCfg = Debug|Any CPU
		{395D501C-E09F-7F25-20BB-BCE3D7BF6CBE}.Debug|Any CPU.Build.0 = Debug|Any CPU
		{395D501C-E09F-7F25-20BB-BCE3D7BF6CBE}.Release|Any CPU.ActiveCfg = Release|Any CPU
		{395D501C-E09F-7F25-20BB-BCE3D7BF6CBE}.Release|Any CPU.Build.0 = Release|Any CPU
		{36884CF8-0E7E-E923-1EA9-FB635B5B75D7}.Debug|Any CPU.ActiveCfg = Debug|Any CPU
		{36884CF8-0E7E-E923-1EA9-FB635B5B75D7}.Debug|Any CPU.Build.0 = Debug|Any CPU
		{36884CF8-0E7E-E923-1EA9-FB635B5B75D7}.Release|Any CPU.ActiveCfg = Release|Any CPU
		{36884CF8-0E7E-E923-1EA9-FB635B5B75D7}.Release|Any CPU.Build.0 = Release|Any CPU
		{CAF7FDE6-6016-4E15-9112-5497261A0647}.Debug|Any CPU.ActiveCfg = Debug|Any CPU
		{CAF7FDE6-6016-4E15-9112-5497261A0647}.Debug|Any CPU.Build.0 = Debug|Any CPU
		{CAF7FDE6-6016-4E15-9112-5497261A0647}.Release|Any CPU.ActiveCfg = Release|Any CPU
		{CAF7FDE6-6016-4E15-9112-5497261A0647}.Release|Any CPU.Build.0 = Release|Any CPU
		{993AA456-2462-40B6-9D5F-A4ECCDE9A5ED}.Debug|Any CPU.ActiveCfg = Debug|Any CPU
		{993AA456-2462-40B6-9D5F-A4ECCDE9A5ED}.Debug|Any CPU.Build.0 = Debug|Any CPU
		{993AA456-2462-40B6-9D5F-A4ECCDE9A5ED}.Release|Any CPU.ActiveCfg = Release|Any CPU
		{993AA456-2462-40B6-9D5F-A4ECCDE9A5ED}.Release|Any CPU.Build.0 = Release|Any CPU
		{79E04DBB-B4C4-A777-E982-7ACDC95F1FDA}.Debug|Any CPU.ActiveCfg = Debug|Any CPU
		{79E04DBB-B4C4-A777-E982-7ACDC95F1FDA}.Debug|Any CPU.Build.0 = Debug|Any CPU
		{79E04DBB-B4C4-A777-E982-7ACDC95F1FDA}.Release|Any CPU.ActiveCfg = Release|Any CPU
		{79E04DBB-B4C4-A777-E982-7ACDC95F1FDA}.Release|Any CPU.Build.0 = Release|Any CPU
		{492805ED-91AC-DAD5-2094-94E8371DF3CE}.Debug|Any CPU.ActiveCfg = Debug|Any CPU
		{492805ED-91AC-DAD5-2094-94E8371DF3CE}.Debug|Any CPU.Build.0 = Debug|Any CPU
		{492805ED-91AC-DAD5-2094-94E8371DF3CE}.Release|Any CPU.ActiveCfg = Release|Any CPU
		{492805ED-91AC-DAD5-2094-94E8371DF3CE}.Release|Any CPU.Build.0 = Release|Any CPU
		{9D89E865-4E05-4968-76EB-15EC705719AB}.Debug|Any CPU.ActiveCfg = Debug|Any CPU
		{9D89E865-4E05-4968-76EB-15EC705719AB}.Debug|Any CPU.Build.0 = Debug|Any CPU
		{9D89E865-4E05-4968-76EB-15EC705719AB}.Release|Any CPU.ActiveCfg = Release|Any CPU
		{9D89E865-4E05-4968-76EB-15EC705719AB}.Release|Any CPU.Build.0 = Release|Any CPU
		{E0B3D125-B153-B0BD-DE96-F741628BADA9}.Debug|Any CPU.ActiveCfg = Debug|Any CPU
		{E0B3D125-B153-B0BD-DE96-F741628BADA9}.Debug|Any CPU.Build.0 = Debug|Any CPU
		{E0B3D125-B153-B0BD-DE96-F741628BADA9}.Release|Any CPU.ActiveCfg = Release|Any CPU
		{E0B3D125-B153-B0BD-DE96-F741628BADA9}.Release|Any CPU.Build.0 = Release|Any CPU
		{10D0EADD-02D1-B3B1-3A6B-7E59C06A2773}.Debug|Any CPU.ActiveCfg = Debug|Any CPU
		{10D0EADD-02D1-B3B1-3A6B-7E59C06A2773}.Debug|Any CPU.Build.0 = Debug|Any CPU
		{10D0EADD-02D1-B3B1-3A6B-7E59C06A2773}.Release|Any CPU.ActiveCfg = Release|Any CPU
		{10D0EADD-02D1-B3B1-3A6B-7E59C06A2773}.Release|Any CPU.Build.0 = Release|Any CPU
		{0784BAE2-70A5-61D4-044B-33F146088101}.Debug|Any CPU.ActiveCfg = Debug|Any CPU
		{0784BAE2-70A5-61D4-044B-33F146088101}.Debug|Any CPU.Build.0 = Debug|Any CPU
		{0784BAE2-70A5-61D4-044B-33F146088101}.Release|Any CPU.ActiveCfg = Release|Any CPU
		{0784BAE2-70A5-61D4-044B-33F146088101}.Release|Any CPU.Build.0 = Release|Any CPU
		{372D809A-1CBA-373E-4C09-94B341353710}.Debug|Any CPU.ActiveCfg = Debug|Any CPU
		{372D809A-1CBA-373E-4C09-94B341353710}.Debug|Any CPU.Build.0 = Debug|Any CPU
		{372D809A-1CBA-373E-4C09-94B341353710}.Release|Any CPU.ActiveCfg = Release|Any CPU
		{372D809A-1CBA-373E-4C09-94B341353710}.Release|Any CPU.Build.0 = Release|Any CPU
		{3FCB1EF8-3CD4-0BD3-E238-FEAFF9F03C51}.Debug|Any CPU.ActiveCfg = Debug|Any CPU
		{3FCB1EF8-3CD4-0BD3-E238-FEAFF9F03C51}.Debug|Any CPU.Build.0 = Debug|Any CPU
		{3FCB1EF8-3CD4-0BD3-E238-FEAFF9F03C51}.Release|Any CPU.ActiveCfg = Release|Any CPU
		{3FCB1EF8-3CD4-0BD3-E238-FEAFF9F03C51}.Release|Any CPU.Build.0 = Release|Any CPU
		{774B1FD5-591B-56A4-9EE2-345DEA077104}.Debug|Any CPU.ActiveCfg = Debug|Any CPU
		{774B1FD5-591B-56A4-9EE2-345DEA077104}.Debug|Any CPU.Build.0 = Debug|Any CPU
		{774B1FD5-591B-56A4-9EE2-345DEA077104}.Release|Any CPU.ActiveCfg = Release|Any CPU
		{774B1FD5-591B-56A4-9EE2-345DEA077104}.Release|Any CPU.Build.0 = Release|Any CPU
		{FDDF6A4A-E12A-BECE-A4C2-0394F3C2C3ED}.Debug|Any CPU.ActiveCfg = Debug|Any CPU
		{FDDF6A4A-E12A-BECE-A4C2-0394F3C2C3ED}.Debug|Any CPU.Build.0 = Debug|Any CPU
		{FDDF6A4A-E12A-BECE-A4C2-0394F3C2C3ED}.Release|Any CPU.ActiveCfg = Release|Any CPU
		{FDDF6A4A-E12A-BECE-A4C2-0394F3C2C3ED}.Release|Any CPU.Build.0 = Release|Any CPU
		{7D805803-F79E-0DAD-DF78-6FA53A201586}.Debug|Any CPU.ActiveCfg = Debug|Any CPU
		{7D805803-F79E-0DAD-DF78-6FA53A201586}.Debug|Any CPU.Build.0 = Debug|Any CPU
		{7D805803-F79E-0DAD-DF78-6FA53A201586}.Release|Any CPU.ActiveCfg = Release|Any CPU
		{7D805803-F79E-0DAD-DF78-6FA53A201586}.Release|Any CPU.Build.0 = Release|Any CPU
		{B40A6802-4F17-5D0D-47DB-E14142F8EEEF}.Debug|Any CPU.ActiveCfg = Debug|Any CPU
		{B40A6802-4F17-5D0D-47DB-E14142F8EEEF}.Debug|Any CPU.Build.0 = Debug|Any CPU
		{B40A6802-4F17-5D0D-47DB-E14142F8EEEF}.Release|Any CPU.ActiveCfg = Release|Any CPU
		{B40A6802-4F17-5D0D-47DB-E14142F8EEEF}.Release|Any CPU.Build.0 = Release|Any CPU
		{EB04AFC0-7F11-00AE-A02E-1F8A0EB93DFF}.Debug|Any CPU.ActiveCfg = Debug|Any CPU
		{EB04AFC0-7F11-00AE-A02E-1F8A0EB93DFF}.Debug|Any CPU.Build.0 = Debug|Any CPU
		{EB04AFC0-7F11-00AE-A02E-1F8A0EB93DFF}.Release|Any CPU.ActiveCfg = Release|Any CPU
		{EB04AFC0-7F11-00AE-A02E-1F8A0EB93DFF}.Release|Any CPU.Build.0 = Release|Any CPU
		{B9A78044-1010-736B-450C-5449CB0025E1}.Debug|Any CPU.ActiveCfg = Debug|Any CPU
		{B9A78044-1010-736B-450C-5449CB0025E1}.Debug|Any CPU.Build.0 = Debug|Any CPU
		{B9A78044-1010-736B-450C-5449CB0025E1}.Release|Any CPU.ActiveCfg = Release|Any CPU
		{B9A78044-1010-736B-450C-5449CB0025E1}.Release|Any CPU.Build.0 = Release|Any CPU
		{7B48F107-2E83-6256-F631-666D251BCB72}.Debug|Any CPU.ActiveCfg = Debug|Any CPU
		{7B48F107-2E83-6256-F631-666D251BCB72}.Debug|Any CPU.Build.0 = Debug|Any CPU
		{7B48F107-2E83-6256-F631-666D251BCB72}.Release|Any CPU.ActiveCfg = Release|Any CPU
		{7B48F107-2E83-6256-F631-666D251BCB72}.Release|Any CPU.Build.0 = Release|Any CPU
		{53EFFFBD-A15D-8278-2A92-E220320BB15B}.Debug|Any CPU.ActiveCfg = Debug|Any CPU
		{53EFFFBD-A15D-8278-2A92-E220320BB15B}.Debug|Any CPU.Build.0 = Debug|Any CPU
		{53EFFFBD-A15D-8278-2A92-E220320BB15B}.Release|Any CPU.ActiveCfg = Release|Any CPU
		{53EFFFBD-A15D-8278-2A92-E220320BB15B}.Release|Any CPU.Build.0 = Release|Any CPU
		{A3740095-D97C-C8FD-2D2B-D13B1AFDC119}.Debug|Any CPU.ActiveCfg = Debug|Any CPU
		{A3740095-D97C-C8FD-2D2B-D13B1AFDC119}.Debug|Any CPU.Build.0 = Debug|Any CPU
		{A3740095-D97C-C8FD-2D2B-D13B1AFDC119}.Release|Any CPU.ActiveCfg = Release|Any CPU
		{A3740095-D97C-C8FD-2D2B-D13B1AFDC119}.Release|Any CPU.Build.0 = Release|Any CPU
		{C812441C-E234-3E3D-C668-2D7356D593A1}.Debug|Any CPU.ActiveCfg = Debug|Any CPU
		{C812441C-E234-3E3D-C668-2D7356D593A1}.Debug|Any CPU.Build.0 = Debug|Any CPU
		{C812441C-E234-3E3D-C668-2D7356D593A1}.Release|Any CPU.ActiveCfg = Release|Any CPU
		{C812441C-E234-3E3D-C668-2D7356D593A1}.Release|Any CPU.Build.0 = Release|Any CPU
		{DE44E918-C505-A427-85C8-A1034F0B1B98}.Debug|Any CPU.ActiveCfg = Debug|Any CPU
		{DE44E918-C505-A427-85C8-A1034F0B1B98}.Debug|Any CPU.Build.0 = Debug|Any CPU
		{DE44E918-C505-A427-85C8-A1034F0B1B98}.Release|Any CPU.ActiveCfg = Release|Any CPU
		{DE44E918-C505-A427-85C8-A1034F0B1B98}.Release|Any CPU.Build.0 = Release|Any CPU
		{C0568425-38DE-94E9-C5E8-0E46AC82EF53}.Debug|Any CPU.ActiveCfg = Debug|Any CPU
		{C0568425-38DE-94E9-C5E8-0E46AC82EF53}.Debug|Any CPU.Build.0 = Debug|Any CPU
		{C0568425-38DE-94E9-C5E8-0E46AC82EF53}.Release|Any CPU.ActiveCfg = Release|Any CPU
		{C0568425-38DE-94E9-C5E8-0E46AC82EF53}.Release|Any CPU.Build.0 = Release|Any CPU
		{8F150DCA-9257-D9D2-6AD7-D3AA6DAFCE54}.Debug|Any CPU.ActiveCfg = Debug|Any CPU
		{8F150DCA-9257-D9D2-6AD7-D3AA6DAFCE54}.Debug|Any CPU.Build.0 = Debug|Any CPU
		{8F150DCA-9257-D9D2-6AD7-D3AA6DAFCE54}.Release|Any CPU.ActiveCfg = Release|Any CPU
		{8F150DCA-9257-D9D2-6AD7-D3AA6DAFCE54}.Release|Any CPU.Build.0 = Release|Any CPU
		{0AAAA6A8-B533-2F7E-0304-773406642A4A}.Debug|Any CPU.ActiveCfg = Debug|Any CPU
		{0AAAA6A8-B533-2F7E-0304-773406642A4A}.Debug|Any CPU.Build.0 = Debug|Any CPU
		{0AAAA6A8-B533-2F7E-0304-773406642A4A}.Release|Any CPU.ActiveCfg = Release|Any CPU
		{0AAAA6A8-B533-2F7E-0304-773406642A4A}.Release|Any CPU.Build.0 = Release|Any CPU
		{A5D259B7-C0F4-9D42-1A7D-C387E1FF720C}.Debug|Any CPU.ActiveCfg = Debug|Any CPU
		{A5D259B7-C0F4-9D42-1A7D-C387E1FF720C}.Debug|Any CPU.Build.0 = Debug|Any CPU
		{A5D259B7-C0F4-9D42-1A7D-C387E1FF720C}.Release|Any CPU.ActiveCfg = Release|Any CPU
		{A5D259B7-C0F4-9D42-1A7D-C387E1FF720C}.Release|Any CPU.Build.0 = Release|Any CPU
		{518F211C-7EA8-F387-822E-0E0CD246A487}.Debug|Any CPU.ActiveCfg = Debug|Any CPU
		{518F211C-7EA8-F387-822E-0E0CD246A487}.Debug|Any CPU.Build.0 = Debug|Any CPU
		{518F211C-7EA8-F387-822E-0E0CD246A487}.Release|Any CPU.ActiveCfg = Release|Any CPU
		{518F211C-7EA8-F387-822E-0E0CD246A487}.Release|Any CPU.Build.0 = Release|Any CPU
		{8D1F51E5-0EC5-EAE8-B8B3-C83003051D95}.Debug|Any CPU.ActiveCfg = Debug|Any CPU
		{8D1F51E5-0EC5-EAE8-B8B3-C83003051D95}.Debug|Any CPU.Build.0 = Debug|Any CPU
		{8D1F51E5-0EC5-EAE8-B8B3-C83003051D95}.Release|Any CPU.ActiveCfg = Release|Any CPU
		{8D1F51E5-0EC5-EAE8-B8B3-C83003051D95}.Release|Any CPU.Build.0 = Release|Any CPU
		{39C17041-2FE1-3E6B-2C89-9A236062EDE9}.Debug|Any CPU.ActiveCfg = Debug|Any CPU
		{39C17041-2FE1-3E6B-2C89-9A236062EDE9}.Debug|Any CPU.Build.0 = Debug|Any CPU
		{39C17041-2FE1-3E6B-2C89-9A236062EDE9}.Release|Any CPU.ActiveCfg = Release|Any CPU
		{39C17041-2FE1-3E6B-2C89-9A236062EDE9}.Release|Any CPU.Build.0 = Release|Any CPU
		{994F5ECF-C2F2-BE90-B098-3214FB30F283}.Debug|Any CPU.ActiveCfg = Debug|Any CPU
		{994F5ECF-C2F2-BE90-B098-3214FB30F283}.Debug|Any CPU.Build.0 = Debug|Any CPU
		{994F5ECF-C2F2-BE90-B098-3214FB30F283}.Release|Any CPU.ActiveCfg = Release|Any CPU
		{994F5ECF-C2F2-BE90-B098-3214FB30F283}.Release|Any CPU.Build.0 = Release|Any CPU
		{D4EFFE14-1175-68AB-56E7-902928ACB711}.Debug|Any CPU.ActiveCfg = Debug|Any CPU
		{D4EFFE14-1175-68AB-56E7-902928ACB711}.Debug|Any CPU.Build.0 = Debug|Any CPU
		{D4EFFE14-1175-68AB-56E7-902928ACB711}.Release|Any CPU.ActiveCfg = Release|Any CPU
		{D4EFFE14-1175-68AB-56E7-902928ACB711}.Release|Any CPU.Build.0 = Release|Any CPU
		{5FBBB8C0-1FF9-897C-7E21-77136CBAEA48}.Debug|Any CPU.ActiveCfg = Debug|Any CPU
		{5FBBB8C0-1FF9-897C-7E21-77136CBAEA48}.Debug|Any CPU.Build.0 = Debug|Any CPU
		{5FBBB8C0-1FF9-897C-7E21-77136CBAEA48}.Release|Any CPU.ActiveCfg = Release|Any CPU
		{5FBBB8C0-1FF9-897C-7E21-77136CBAEA48}.Release|Any CPU.Build.0 = Release|Any CPU
		{64992314-3383-7D67-3AB3-FC1D6DC28B31}.Debug|Any CPU.ActiveCfg = Debug|Any CPU
		{64992314-3383-7D67-3AB3-FC1D6DC28B31}.Debug|Any CPU.Build.0 = Debug|Any CPU
		{64992314-3383-7D67-3AB3-FC1D6DC28B31}.Release|Any CPU.ActiveCfg = Release|Any CPU
		{64992314-3383-7D67-3AB3-FC1D6DC28B31}.Release|Any CPU.Build.0 = Release|Any CPU
		{E346CE9A-C9CF-9427-1F1D-12C66F725E14}.Debug|Any CPU.ActiveCfg = Debug|Any CPU
		{E346CE9A-C9CF-9427-1F1D-12C66F725E14}.Debug|Any CPU.Build.0 = Debug|Any CPU
		{E346CE9A-C9CF-9427-1F1D-12C66F725E14}.Release|Any CPU.ActiveCfg = Release|Any CPU
		{E346CE9A-C9CF-9427-1F1D-12C66F725E14}.Release|Any CPU.Build.0 = Release|Any CPU
		{676B906E-FF7C-5C80-ED8A-C54E1020440F}.Debug|Any CPU.ActiveCfg = Debug|Any CPU
		{676B906E-FF7C-5C80-ED8A-C54E1020440F}.Debug|Any CPU.Build.0 = Debug|Any CPU
		{676B906E-FF7C-5C80-ED8A-C54E1020440F}.Release|Any CPU.ActiveCfg = Release|Any CPU
		{676B906E-FF7C-5C80-ED8A-C54E1020440F}.Release|Any CPU.Build.0 = Release|Any CPU
		{77B96B74-C28F-AEB5-8BA2-2A7D2AD67528}.Debug|Any CPU.ActiveCfg = Debug|Any CPU
		{77B96B74-C28F-AEB5-8BA2-2A7D2AD67528}.Debug|Any CPU.Build.0 = Debug|Any CPU
		{77B96B74-C28F-AEB5-8BA2-2A7D2AD67528}.Release|Any CPU.ActiveCfg = Release|Any CPU
		{77B96B74-C28F-AEB5-8BA2-2A7D2AD67528}.Release|Any CPU.Build.0 = Release|Any CPU
		{6EDE3FC2-6EF7-2065-6E72-49B141DE44D9}.Debug|Any CPU.ActiveCfg = Debug|Any CPU
		{6EDE3FC2-6EF7-2065-6E72-49B141DE44D9}.Debug|Any CPU.Build.0 = Debug|Any CPU
		{6EDE3FC2-6EF7-2065-6E72-49B141DE44D9}.Release|Any CPU.ActiveCfg = Release|Any CPU
		{6EDE3FC2-6EF7-2065-6E72-49B141DE44D9}.Release|Any CPU.Build.0 = Release|Any CPU
		{340BC077-5929-3758-26FD-DC5A397C7701}.Debug|Any CPU.ActiveCfg = Debug|Any CPU
		{340BC077-5929-3758-26FD-DC5A397C7701}.Debug|Any CPU.Build.0 = Debug|Any CPU
		{340BC077-5929-3758-26FD-DC5A397C7701}.Release|Any CPU.ActiveCfg = Release|Any CPU
		{340BC077-5929-3758-26FD-DC5A397C7701}.Release|Any CPU.Build.0 = Release|Any CPU
	EndGlobalSection
	GlobalSection(SolutionProperties) = preSolution
		HideSolutionNode = FALSE
	EndGlobalSection
EndGlobal
